# THIS IS AN AUTOGENERATED FILE. DO NOT EDIT THIS FILE DIRECTLY.
# yarn lockfile v1


"@tanstack/query-core@4.36.1":
  version "4.36.1"
  resolved "https://registry.yarnpkg.com/@tanstack/query-core/-/query-core-4.36.1.tgz#79f8c1a539d47c83104210be2388813a7af2e524"
  integrity sha512-DJSilV5+ytBP1FbFcEJovv4rnnm/CokuVvrBEtW/Va9DvuJ3HksbXUJEpI0aV1KtuL4ZoO9AVE6PyNLzF7tLeA==

"@tanstack/react-query@^4.18.0":
  version "4.36.1"
  resolved "https://registry.yarnpkg.com/@tanstack/react-query/-/react-query-4.36.1.tgz#acb589fab4085060e2e78013164868c9c785e5d2"
  integrity sha512-y7ySVHFyyQblPl3J3eQBWpXZkliroki3ARnBKsdJchlgt7yJLRDUcf4B8soufgiYt3pEQIkBWBx1N9/ZPIeUWw==
  dependencies:
    "@tanstack/query-core" "4.36.1"
    use-sync-external-store "^1.2.0"

use-sync-external-store@^1.2.0:
  version "1.2.2"
  resolved "https://registry.yarnpkg.com/use-sync-external-store/-/use-sync-external-store-1.2.2.tgz#c3b6390f3a30eba13200d2302dcdf1e7b57b2ef9"
  integrity sha512-PElTlVMwpblvbNqQ82d2n6RjStvdSoNe9FG28kNfz3WiXilJm4DdNkEzRhCZuIDwY8U08WVihhGR5iRqAwfDiw==
